// !$*UTF8*$!
{
	archiveVersion = 1;
	classes = {
	};
	objectVersion = 46;
	objects = {

/* Begin PBXBuildFile section */
		142BE5F91B23C8790059B1B2 /* AppDelegate.swift in Sources */ = {isa = PBXBuildFile; fileRef = 142BE5F81B23C8790059B1B2 /* AppDelegate.swift */; };
		142BE5FE1B23C8790059B1B2 /* Main.storyboard in Resources */ = {isa = PBXBuildFile; fileRef = 142BE5FC1B23C8790059B1B2 /* Main.storyboard */; };
		142BE6001B23C8790059B1B2 /* Images.xcassets in Resources */ = {isa = PBXBuildFile; fileRef = 142BE5FF1B23C8790059B1B2 /* Images.xcassets */; };
		142BE6031B23C8790059B1B2 /* LaunchScreen.xib in Resources */ = {isa = PBXBuildFile; fileRef = 142BE6011B23C8790059B1B2 /* LaunchScreen.xib */; };
		142BE60F1B23C8790059B1B2 /* PrayerListTests.swift in Sources */ = {isa = PBXBuildFile; fileRef = 142BE60E1B23C8790059B1B2 /* PrayerListTests.swift */; };
		142BE61D1B262DDD0059B1B2 /* Extends.swift in Sources */ = {isa = PBXBuildFile; fileRef = 142BE6181B262DDD0059B1B2 /* Extends.swift */; };
		142BE61E1B262DDD0059B1B2 /* RequestTableViewCell.swift in Sources */ = {isa = PBXBuildFile; fileRef = 142BE6191B262DDD0059B1B2 /* RequestTableViewCell.swift */; };
		142BE61F1B262DDD0059B1B2 /* MasterList.swift in Sources */ = {isa = PBXBuildFile; fileRef = 142BE61A1B262DDD0059B1B2 /* MasterList.swift */; };
		142BE6211B262DDD0059B1B2 /* PrayerRequest.swift in Sources */ = {isa = PBXBuildFile; fileRef = 142BE61C1B262DDD0059B1B2 /* PrayerRequest.swift */; };
		142BE6241B262E370059B1B2 /* PrayerListTableViewController.swift in Sources */ = {isa = PBXBuildFile; fileRef = 142BE6221B262E370059B1B2 /* PrayerListTableViewController.swift */; };
		142BE6251B262E370059B1B2 /* RequestEditorViewController.swift in Sources */ = {isa = PBXBuildFile; fileRef = 142BE6231B262E370059B1B2 /* RequestEditorViewController.swift */; };
		142BE65A1B2D2E8D0059B1B2 /* Bolts.framework in Frameworks */ = {isa = PBXBuildFile; fileRef = 142BE6581B2D2E8D0059B1B2 /* Bolts.framework */; };
		142BE65B1B2D2E8D0059B1B2 /* Bolts.framework in Frameworks */ = {isa = PBXBuildFile; fileRef = 142BE6581B2D2E8D0059B1B2 /* Bolts.framework */; };
		142BE65C1B2D2E8D0059B1B2 /* Parse.framework in Frameworks */ = {isa = PBXBuildFile; fileRef = 142BE6591B2D2E8D0059B1B2 /* Parse.framework */; };
		142BE65D1B2D2E8D0059B1B2 /* Parse.framework in Frameworks */ = {isa = PBXBuildFile; fileRef = 142BE6591B2D2E8D0059B1B2 /* Parse.framework */; };
		142BE65F1B2D2EDD0059B1B2 /* AudioToolbox.framework in Frameworks */ = {isa = PBXBuildFile; fileRef = 142BE65E1B2D2EDD0059B1B2 /* AudioToolbox.framework */; };
		142BE6611B2D2EE50059B1B2 /* CFNetwork.framework in Frameworks */ = {isa = PBXBuildFile; fileRef = 142BE6601B2D2EE50059B1B2 /* CFNetwork.framework */; };
		142BE6631B2D2EF20059B1B2 /* CoreGraphics.framework in Frameworks */ = {isa = PBXBuildFile; fileRef = 142BE6621B2D2EF20059B1B2 /* CoreGraphics.framework */; };
		142BE6651B2D2EFD0059B1B2 /* CoreLocation.framework in Frameworks */ = {isa = PBXBuildFile; fileRef = 142BE6641B2D2EFD0059B1B2 /* CoreLocation.framework */; };
		142BE6671B2D2F040059B1B2 /* MobileCoreServices.framework in Frameworks */ = {isa = PBXBuildFile; fileRef = 142BE6661B2D2F040059B1B2 /* MobileCoreServices.framework */; };
		142BE6691B2D2F0C0059B1B2 /* QuartzCore.framework in Frameworks */ = {isa = PBXBuildFile; fileRef = 142BE6681B2D2F0C0059B1B2 /* QuartzCore.framework */; };
		142BE66B1B2D2F150059B1B2 /* Security.framework in Frameworks */ = {isa = PBXBuildFile; fileRef = 142BE66A1B2D2F150059B1B2 /* Security.framework */; };
		142BE66D1B2D2F1E0059B1B2 /* StoreKit.framework in Frameworks */ = {isa = PBXBuildFile; fileRef = 142BE66C1B2D2F1E0059B1B2 /* StoreKit.framework */; };
		142BE66F1B2D2F280059B1B2 /* SystemConfiguration.framework in Frameworks */ = {isa = PBXBuildFile; fileRef = 142BE66E1B2D2F280059B1B2 /* SystemConfiguration.framework */; };
		142BE6711B2D2F330059B1B2 /* libz.dylib in Frameworks */ = {isa = PBXBuildFile; fileRef = 142BE6701B2D2F330059B1B2 /* libz.dylib */; };
		142BE6731B2D2F3E0059B1B2 /* libsqlite3.dylib in Frameworks */ = {isa = PBXBuildFile; fileRef = 142BE6721B2D2F3E0059B1B2 /* libsqlite3.dylib */; };
		1481FEA41B58A310002139DB /* SignUpViewController.swift in Sources */ = {isa = PBXBuildFile; fileRef = 1481FEA31B58A310002139DB /* SignUpViewController.swift */; };
		14C76DA11B5ACAC900809F4C /* UpdateAccountViewController.swift in Sources */ = {isa = PBXBuildFile; fileRef = 14C76DA01B5ACAC900809F4C /* UpdateAccountViewController.swift */; };
		14C76DA31B5ACC4A00809F4C /* MasterListTableViewController.swift in Sources */ = {isa = PBXBuildFile; fileRef = 14C76DA21B5ACC4A00809F4C /* MasterListTableViewController.swift */; };
		14C76DA51B5C282B00809F4C /* ResetPasswordViewController.swift in Sources */ = {isa = PBXBuildFile; fileRef = 14C76DA41B5C282B00809F4C /* ResetPasswordViewController.swift */; };
		14EC37AB1B535D2200CFEF51 /* LoginViewController.swift in Sources */ = {isa = PBXBuildFile; fileRef = 14EC37AA1B535D2200CFEF51 /* LoginViewController.swift */; };
		14F4F7121B59E4DD004AC4B2 /* SettingsViewController.swift in Sources */ = {isa = PBXBuildFile; fileRef = 14F4F7111B59E4DD004AC4B2 /* SettingsViewController.swift */; };
/* End PBXBuildFile section */

/* Begin PBXContainerItemProxy section */
		142BE6091B23C8790059B1B2 /* PBXContainerItemProxy */ = {
			isa = PBXContainerItemProxy;
			containerPortal = 142BE5EB1B23C8790059B1B2 /* Project object */;
			proxyType = 1;
			remoteGlobalIDString = 142BE5F21B23C8790059B1B2;
			remoteInfo = PrayerList;
		};
/* End PBXContainerItemProxy section */

/* Begin PBXFileReference section */
		142BE5F31B23C8790059B1B2 /* PrayerList.app */ = {isa = PBXFileReference; explicitFileType = wrapper.application; includeInIndex = 0; path = PrayerList.app; sourceTree = BUILT_PRODUCTS_DIR; };
		142BE5F71B23C8790059B1B2 /* Info.plist */ = {isa = PBXFileReference; lastKnownFileType = text.plist.xml; path = Info.plist; sourceTree = "<group>"; };
		142BE5F81B23C8790059B1B2 /* AppDelegate.swift */ = {isa = PBXFileReference; lastKnownFileType = sourcecode.swift; path = AppDelegate.swift; sourceTree = "<group>"; };
		142BE5FD1B23C8790059B1B2 /* Base */ = {isa = PBXFileReference; lastKnownFileType = file.storyboard; name = Base; path = Base.lproj/Main.storyboard; sourceTree = "<group>"; };
		142BE5FF1B23C8790059B1B2 /* Images.xcassets */ = {isa = PBXFileReference; lastKnownFileType = folder.assetcatalog; path = Images.xcassets; sourceTree = "<group>"; };
		142BE6021B23C8790059B1B2 /* Base */ = {isa = PBXFileReference; lastKnownFileType = file.xib; name = Base; path = Base.lproj/LaunchScreen.xib; sourceTree = "<group>"; };
		142BE6081B23C8790059B1B2 /* PrayerListTests.xctest */ = {isa = PBXFileReference; explicitFileType = wrapper.cfbundle; includeInIndex = 0; path = PrayerListTests.xctest; sourceTree = BUILT_PRODUCTS_DIR; };
		142BE60D1B23C8790059B1B2 /* Info.plist */ = {isa = PBXFileReference; lastKnownFileType = text.plist.xml; path = Info.plist; sourceTree = "<group>"; };
		142BE60E1B23C8790059B1B2 /* PrayerListTests.swift */ = {isa = PBXFileReference; lastKnownFileType = sourcecode.swift; path = PrayerListTests.swift; sourceTree = "<group>"; };
		142BE6181B262DDD0059B1B2 /* Extends.swift */ = {isa = PBXFileReference; fileEncoding = 4; lastKnownFileType = sourcecode.swift; path = Extends.swift; sourceTree = "<group>"; };
		142BE6191B262DDD0059B1B2 /* RequestTableViewCell.swift */ = {isa = PBXFileReference; fileEncoding = 4; lastKnownFileType = sourcecode.swift; path = RequestTableViewCell.swift; sourceTree = "<group>"; };
		142BE61A1B262DDD0059B1B2 /* MasterList.swift */ = {isa = PBXFileReference; fileEncoding = 4; lastKnownFileType = sourcecode.swift; path = MasterList.swift; sourceTree = "<group>"; };
		142BE61C1B262DDD0059B1B2 /* PrayerRequest.swift */ = {isa = PBXFileReference; fileEncoding = 4; lastKnownFileType = sourcecode.swift; path = PrayerRequest.swift; sourceTree = "<group>"; };
		142BE6221B262E370059B1B2 /* PrayerListTableViewController.swift */ = {isa = PBXFileReference; fileEncoding = 4; lastKnownFileType = sourcecode.swift; path = PrayerListTableViewController.swift; sourceTree = "<group>"; };
		142BE6231B262E370059B1B2 /* RequestEditorViewController.swift */ = {isa = PBXFileReference; fileEncoding = 4; lastKnownFileType = sourcecode.swift; path = RequestEditorViewController.swift; sourceTree = "<group>"; };
		142BE6581B2D2E8D0059B1B2 /* Bolts.framework */ = {isa = PBXFileReference; lastKnownFileType = wrapper.framework; path = Bolts.framework; sourceTree = "<group>"; };
		142BE6591B2D2E8D0059B1B2 /* Parse.framework */ = {isa = PBXFileReference; lastKnownFileType = wrapper.framework; path = Parse.framework; sourceTree = "<group>"; };
		142BE65E1B2D2EDD0059B1B2 /* AudioToolbox.framework */ = {isa = PBXFileReference; lastKnownFileType = wrapper.framework; name = AudioToolbox.framework; path = System/Library/Frameworks/AudioToolbox.framework; sourceTree = SDKROOT; };
		142BE6601B2D2EE50059B1B2 /* CFNetwork.framework */ = {isa = PBXFileReference; lastKnownFileType = wrapper.framework; name = CFNetwork.framework; path = System/Library/Frameworks/CFNetwork.framework; sourceTree = SDKROOT; };
		142BE6621B2D2EF20059B1B2 /* CoreGraphics.framework */ = {isa = PBXFileReference; lastKnownFileType = wrapper.framework; name = CoreGraphics.framework; path = System/Library/Frameworks/CoreGraphics.framework; sourceTree = SDKROOT; };
		142BE6641B2D2EFD0059B1B2 /* CoreLocation.framework */ = {isa = PBXFileReference; lastKnownFileType = wrapper.framework; name = CoreLocation.framework; path = System/Library/Frameworks/CoreLocation.framework; sourceTree = SDKROOT; };
		142BE6661B2D2F040059B1B2 /* MobileCoreServices.framework */ = {isa = PBXFileReference; lastKnownFileType = wrapper.framework; name = MobileCoreServices.framework; path = System/Library/Frameworks/MobileCoreServices.framework; sourceTree = SDKROOT; };
		142BE6681B2D2F0C0059B1B2 /* QuartzCore.framework */ = {isa = PBXFileReference; lastKnownFileType = wrapper.framework; name = QuartzCore.framework; path = System/Library/Frameworks/QuartzCore.framework; sourceTree = SDKROOT; };
		142BE66A1B2D2F150059B1B2 /* Security.framework */ = {isa = PBXFileReference; lastKnownFileType = wrapper.framework; name = Security.framework; path = System/Library/Frameworks/Security.framework; sourceTree = SDKROOT; };
		142BE66C1B2D2F1E0059B1B2 /* StoreKit.framework */ = {isa = PBXFileReference; lastKnownFileType = wrapper.framework; name = StoreKit.framework; path = System/Library/Frameworks/StoreKit.framework; sourceTree = SDKROOT; };
		142BE66E1B2D2F280059B1B2 /* SystemConfiguration.framework */ = {isa = PBXFileReference; lastKnownFileType = wrapper.framework; name = SystemConfiguration.framework; path = System/Library/Frameworks/SystemConfiguration.framework; sourceTree = SDKROOT; };
		142BE6701B2D2F330059B1B2 /* libz.dylib */ = {isa = PBXFileReference; lastKnownFileType = "compiled.mach-o.dylib"; name = libz.dylib; path = usr/lib/libz.dylib; sourceTree = SDKROOT; };
		142BE6721B2D2F3E0059B1B2 /* libsqlite3.dylib */ = {isa = PBXFileReference; lastKnownFileType = "compiled.mach-o.dylib"; name = libsqlite3.dylib; path = usr/lib/libsqlite3.dylib; sourceTree = SDKROOT; };
		1481FEA31B58A310002139DB /* SignUpViewController.swift */ = {isa = PBXFileReference; fileEncoding = 4; lastKnownFileType = sourcecode.swift; path = SignUpViewController.swift; sourceTree = "<group>"; };
		14C76DA01B5ACAC900809F4C /* UpdateAccountViewController.swift */ = {isa = PBXFileReference; fileEncoding = 4; lastKnownFileType = sourcecode.swift; path = UpdateAccountViewController.swift; sourceTree = "<group>"; };
		14C76DA21B5ACC4A00809F4C /* MasterListTableViewController.swift */ = {isa = PBXFileReference; fileEncoding = 4; lastKnownFileType = sourcecode.swift; path = MasterListTableViewController.swift; sourceTree = "<group>"; };
		14C76DA41B5C282B00809F4C /* ResetPasswordViewController.swift */ = {isa = PBXFileReference; fileEncoding = 4; lastKnownFileType = sourcecode.swift; path = ResetPasswordViewController.swift; sourceTree = "<group>"; };
		14EC37AA1B535D2200CFEF51 /* LoginViewController.swift */ = {isa = PBXFileReference; fileEncoding = 4; lastKnownFileType = sourcecode.swift; path = LoginViewController.swift; sourceTree = "<group>"; };
		14F4F7111B59E4DD004AC4B2 /* SettingsViewController.swift */ = {isa = PBXFileReference; fileEncoding = 4; lastKnownFileType = sourcecode.swift; path = SettingsViewController.swift; sourceTree = "<group>"; };
/* End PBXFileReference section */

/* Begin PBXFrameworksBuildPhase section */
		142BE5F01B23C8790059B1B2 /* Frameworks */ = {
			isa = PBXFrameworksBuildPhase;
			buildActionMask = 2147483647;
			files = (
				142BE6731B2D2F3E0059B1B2 /* libsqlite3.dylib in Frameworks */,
				142BE6711B2D2F330059B1B2 /* libz.dylib in Frameworks */,
				142BE66F1B2D2F280059B1B2 /* SystemConfiguration.framework in Frameworks */,
				142BE66D1B2D2F1E0059B1B2 /* StoreKit.framework in Frameworks */,
				142BE66B1B2D2F150059B1B2 /* Security.framework in Frameworks */,
				142BE6691B2D2F0C0059B1B2 /* QuartzCore.framework in Frameworks */,
				142BE6671B2D2F040059B1B2 /* MobileCoreServices.framework in Frameworks */,
				142BE6651B2D2EFD0059B1B2 /* CoreLocation.framework in Frameworks */,
				142BE6631B2D2EF20059B1B2 /* CoreGraphics.framework in Frameworks */,
				142BE6611B2D2EE50059B1B2 /* CFNetwork.framework in Frameworks */,
				142BE65F1B2D2EDD0059B1B2 /* AudioToolbox.framework in Frameworks */,
				142BE65C1B2D2E8D0059B1B2 /* Parse.framework in Frameworks */,
				142BE65A1B2D2E8D0059B1B2 /* Bolts.framework in Frameworks */,
			);
			runOnlyForDeploymentPostprocessing = 0;
		};
		142BE6051B23C8790059B1B2 /* Frameworks */ = {
			isa = PBXFrameworksBuildPhase;
			buildActionMask = 2147483647;
			files = (
				142BE65D1B2D2E8D0059B1B2 /* Parse.framework in Frameworks */,
				142BE65B1B2D2E8D0059B1B2 /* Bolts.framework in Frameworks */,
			);
			runOnlyForDeploymentPostprocessing = 0;
		};
/* End PBXFrameworksBuildPhase section */

/* Begin PBXGroup section */
		142BE5EA1B23C8790059B1B2 = {
			isa = PBXGroup;
			children = (
				142BE6721B2D2F3E0059B1B2 /* libsqlite3.dylib */,
				142BE6701B2D2F330059B1B2 /* libz.dylib */,
				142BE66E1B2D2F280059B1B2 /* SystemConfiguration.framework */,
				142BE66C1B2D2F1E0059B1B2 /* StoreKit.framework */,
				142BE66A1B2D2F150059B1B2 /* Security.framework */,
				142BE6681B2D2F0C0059B1B2 /* QuartzCore.framework */,
				142BE6661B2D2F040059B1B2 /* MobileCoreServices.framework */,
				142BE6641B2D2EFD0059B1B2 /* CoreLocation.framework */,
				142BE6621B2D2EF20059B1B2 /* CoreGraphics.framework */,
				142BE6601B2D2EE50059B1B2 /* CFNetwork.framework */,
				142BE65E1B2D2EDD0059B1B2 /* AudioToolbox.framework */,
				142BE5F51B23C8790059B1B2 /* PrayerList */,
				142BE60B1B23C8790059B1B2 /* PrayerListTests */,
				142BE5F41B23C8790059B1B2 /* Products */,
				142BE6581B2D2E8D0059B1B2 /* Bolts.framework */,
				142BE6591B2D2E8D0059B1B2 /* Parse.framework */,
			);
			sourceTree = "<group>";
		};
		142BE5F41B23C8790059B1B2 /* Products */ = {
			isa = PBXGroup;
			children = (
				142BE5F31B23C8790059B1B2 /* PrayerList.app */,
				142BE6081B23C8790059B1B2 /* PrayerListTests.xctest */,
			);
			name = Products;
			sourceTree = "<group>";
		};
		142BE5F51B23C8790059B1B2 /* PrayerList */ = {
			isa = PBXGroup;
			children = (
				142BE5F81B23C8790059B1B2 /* AppDelegate.swift */,
				142BE6181B262DDD0059B1B2 /* Extends.swift */,
				142BE6191B262DDD0059B1B2 /* RequestTableViewCell.swift */,
				142BE6221B262E370059B1B2 /* PrayerListTableViewController.swift */,
				142BE6231B262E370059B1B2 /* RequestEditorViewController.swift */,
				142BE61A1B262DDD0059B1B2 /* MasterList.swift */,
				142BE61C1B262DDD0059B1B2 /* PrayerRequest.swift */,
				142BE5FC1B23C8790059B1B2 /* Main.storyboard */,
				14C76DA21B5ACC4A00809F4C /* MasterListTableViewController.swift */,
				14C76DA01B5ACAC900809F4C /* UpdateAccountViewController.swift */,
				1481FEA31B58A310002139DB /* SignUpViewController.swift */,
				14C76DA41B5C282B00809F4C /* ResetPasswordViewController.swift */,
				14EC37AA1B535D2200CFEF51 /* LoginViewController.swift */,
				14F4F7111B59E4DD004AC4B2 /* SettingsViewController.swift */,
				142BE5FF1B23C8790059B1B2 /* Images.xcassets */,
				142BE6011B23C8790059B1B2 /* LaunchScreen.xib */,
				142BE5F61B23C8790059B1B2 /* Supporting Files */,
			);
			path = PrayerList;
			sourceTree = "<group>";
		};
		142BE5F61B23C8790059B1B2 /* Supporting Files */ = {
			isa = PBXGroup;
			children = (
				142BE5F71B23C8790059B1B2 /* Info.plist */,
			);
			name = "Supporting Files";
			sourceTree = "<group>";
		};
		142BE60B1B23C8790059B1B2 /* PrayerListTests */ = {
			isa = PBXGroup;
			children = (
				142BE60E1B23C8790059B1B2 /* PrayerListTests.swift */,
				142BE60C1B23C8790059B1B2 /* Supporting Files */,
			);
			path = PrayerListTests;
			sourceTree = "<group>";
		};
		142BE60C1B23C8790059B1B2 /* Supporting Files */ = {
			isa = PBXGroup;
			children = (
				142BE60D1B23C8790059B1B2 /* Info.plist */,
			);
			name = "Supporting Files";
			sourceTree = "<group>";
		};
/* End PBXGroup section */

/* Begin PBXNativeTarget section */
		142BE5F21B23C8790059B1B2 /* PrayerList */ = {
			isa = PBXNativeTarget;
			buildConfigurationList = 142BE6121B23C8790059B1B2 /* Build configuration list for PBXNativeTarget "PrayerList" */;
			buildPhases = (
				142BE5EF1B23C8790059B1B2 /* Sources */,
				142BE5F01B23C8790059B1B2 /* Frameworks */,
				142BE5F11B23C8790059B1B2 /* Resources */,
			);
			buildRules = (
			);
			dependencies = (
			);
			name = PrayerList;
			productName = PrayerList;
			productReference = 142BE5F31B23C8790059B1B2 /* PrayerList.app */;
			productType = "com.apple.product-type.application";
		};
		142BE6071B23C8790059B1B2 /* PrayerListTests */ = {
			isa = PBXNativeTarget;
			buildConfigurationList = 142BE6151B23C8790059B1B2 /* Build configuration list for PBXNativeTarget "PrayerListTests" */;
			buildPhases = (
				142BE6041B23C8790059B1B2 /* Sources */,
				142BE6051B23C8790059B1B2 /* Frameworks */,
				142BE6061B23C8790059B1B2 /* Resources */,
			);
			buildRules = (
			);
			dependencies = (
				142BE60A1B23C8790059B1B2 /* PBXTargetDependency */,
			);
			name = PrayerListTests;
			productName = PrayerListTests;
			productReference = 142BE6081B23C8790059B1B2 /* PrayerListTests.xctest */;
			productType = "com.apple.product-type.bundle.unit-test";
		};
/* End PBXNativeTarget section */

/* Begin PBXProject section */
		142BE5EB1B23C8790059B1B2 /* Project object */ = {
			isa = PBXProject;
			attributes = {
				LastUpgradeCheck = 0630;
				ORGANIZATIONNAME = Miller;
				TargetAttributes = {
					142BE5F21B23C8790059B1B2 = {
						CreatedOnToolsVersion = 6.3.1;
					};
					142BE6071B23C8790059B1B2 = {
						CreatedOnToolsVersion = 6.3.1;
						TestTargetID = 142BE5F21B23C8790059B1B2;
					};
				};
			};
			buildConfigurationList = 142BE5EE1B23C8790059B1B2 /* Build configuration list for PBXProject "PrayerList" */;
			compatibilityVersion = "Xcode 3.2";
			developmentRegion = English;
			hasScannedForEncodings = 0;
			knownRegions = (
				en,
				Base,
			);
			mainGroup = 142BE5EA1B23C8790059B1B2;
			productRefGroup = 142BE5F41B23C8790059B1B2 /* Products */;
			projectDirPath = "";
			projectRoot = "";
			targets = (
				142BE5F21B23C8790059B1B2 /* PrayerList */,
				142BE6071B23C8790059B1B2 /* PrayerListTests */,
			);
		};
/* End PBXProject section */

/* Begin PBXResourcesBuildPhase section */
		142BE5F11B23C8790059B1B2 /* Resources */ = {
			isa = PBXResourcesBuildPhase;
			buildActionMask = 2147483647;
			files = (
				142BE5FE1B23C8790059B1B2 /* Main.storyboard in Resources */,
				142BE6031B23C8790059B1B2 /* LaunchScreen.xib in Resources */,
				142BE6001B23C8790059B1B2 /* Images.xcassets in Resources */,
			);
			runOnlyForDeploymentPostprocessing = 0;
		};
		142BE6061B23C8790059B1B2 /* Resources */ = {
			isa = PBXResourcesBuildPhase;
			buildActionMask = 2147483647;
			files = (
			);
			runOnlyForDeploymentPostprocessing = 0;
		};
/* End PBXResourcesBuildPhase section */

/* Begin PBXSourcesBuildPhase section */
		142BE5EF1B23C8790059B1B2 /* Sources */ = {
			isa = PBXSourcesBuildPhase;
			buildActionMask = 2147483647;
			files = (
				142BE6251B262E370059B1B2 /* RequestEditorViewController.swift in Sources */,
				14C76DA31B5ACC4A00809F4C /* MasterListTableViewController.swift in Sources */,
				142BE61F1B262DDD0059B1B2 /* MasterList.swift in Sources */,
				142BE6211B262DDD0059B1B2 /* PrayerRequest.swift in Sources */,
				14C76DA11B5ACAC900809F4C /* UpdateAccountViewController.swift in Sources */,
				14F4F7121B59E4DD004AC4B2 /* SettingsViewController.swift in Sources */,
				1481FEA41B58A310002139DB /* SignUpViewController.swift in Sources */,
				142BE6241B262E370059B1B2 /* PrayerListTableViewController.swift in Sources */,
				142BE61E1B262DDD0059B1B2 /* RequestTableViewCell.swift in Sources */,
				14C76DA51B5C282B00809F4C /* ResetPasswordViewController.swift in Sources */,
				142BE61D1B262DDD0059B1B2 /* Extends.swift in Sources */,
				142BE5F91B23C8790059B1B2 /* AppDelegate.swift in Sources */,
				14EC37AB1B535D2200CFEF51 /* LoginViewController.swift in Sources */,
			);
			runOnlyForDeploymentPostprocessing = 0;
		};
		142BE6041B23C8790059B1B2 /* Sources */ = {
			isa = PBXSourcesBuildPhase;
			buildActionMask = 2147483647;
			files = (
				142BE60F1B23C8790059B1B2 /* PrayerListTests.swift in Sources */,
			);
			runOnlyForDeploymentPostprocessing = 0;
		};
/* End PBXSourcesBuildPhase section */

/* Begin PBXTargetDependency section */
		142BE60A1B23C8790059B1B2 /* PBXTargetDependency */ = {
			isa = PBXTargetDependency;
			target = 142BE5F21B23C8790059B1B2 /* PrayerList */;
			targetProxy = 142BE6091B23C8790059B1B2 /* PBXContainerItemProxy */;
		};
/* End PBXTargetDependency section */

/* Begin PBXVariantGroup section */
		142BE5FC1B23C8790059B1B2 /* Main.storyboard */ = {
			isa = PBXVariantGroup;
			children = (
				142BE5FD1B23C8790059B1B2 /* Base */,
			);
			name = Main.storyboard;
			sourceTree = "<group>";
		};
		142BE6011B23C8790059B1B2 /* LaunchScreen.xib */ = {
			isa = PBXVariantGroup;
			children = (
				142BE6021B23C8790059B1B2 /* Base */,
			);
			name = LaunchScreen.xib;
			sourceTree = "<group>";
		};
/* End PBXVariantGroup section */

/* Begin XCBuildConfiguration section */
		142BE6101B23C8790059B1B2 /* Debug */ = {
			isa = XCBuildConfiguration;
			buildSettings = {
				ALWAYS_SEARCH_USER_PATHS = NO;
				CLANG_CXX_LANGUAGE_STANDARD = "gnu++0x";
				CLANG_CXX_LIBRARY = "libc++";
				CLANG_ENABLE_MODULES = YES;
				CLANG_ENABLE_OBJC_ARC = YES;
				CLANG_WARN_BOOL_CONVERSION = YES;
				CLANG_WARN_CONSTANT_CONVERSION = YES;
				CLANG_WARN_DIRECT_OBJC_ISA_USAGE = YES_ERROR;
				CLANG_WARN_EMPTY_BODY = YES;
				CLANG_WARN_ENUM_CONVERSION = YES;
				CLANG_WARN_INT_CONVERSION = YES;
				CLANG_WARN_OBJC_ROOT_CLASS = YES_ERROR;
				CLANG_WARN_UNREACHABLE_CODE = YES;
				CLANG_WARN__DUPLICATE_METHOD_MATCH = YES;
				"CODE_SIGN_IDENTITY[sdk=iphoneos*]" = "iPhone Developer";
				COPY_PHASE_STRIP = NO;
				DEBUG_INFORMATION_FORMAT = "dwarf-with-dsym";
				ENABLE_STRICT_OBJC_MSGSEND = YES;
				GCC_C_LANGUAGE_STANDARD = gnu99;
				GCC_DYNAMIC_NO_PIC = NO;
				GCC_NO_COMMON_BLOCKS = YES;
				GCC_OPTIMIZATION_LEVEL = 0;
				GCC_PREPROCESSOR_DEFINITIONS = (
					"DEBUG=1",
					"$(inherited)",
				);
				GCC_SYMBOLS_PRIVATE_EXTERN = NO;
				GCC_WARN_64_TO_32_BIT_CONVERSION = YES;
				GCC_WARN_ABOUT_RETURN_TYPE = YES_ERROR;
				GCC_WARN_UNDECLARED_SELECTOR = YES;
				GCC_WARN_UNINITIALIZED_AUTOS = YES_AGGRESSIVE;
				GCC_WARN_UNUSED_FUNCTION = YES;
				GCC_WARN_UNUSED_VARIABLE = YES;
				IPHONEOS_DEPLOYMENT_TARGET = 8.3;
				MTL_ENABLE_DEBUG_INFO = YES;
				ONLY_ACTIVE_ARCH = YES;
				SDKROOT = iphoneos;
				SWIFT_OPTIMIZATION_LEVEL = "-Onone";
			};
			name = Debug;
		};
		142BE6111B23C8790059B1B2 /* Release */ = {
			isa = XCBuildConfiguration;
			buildSettings = {
				ALWAYS_SEARCH_USER_PATHS = NO;
				CLANG_CXX_LANGUAGE_STANDARD = "gnu++0x";
				CLANG_CXX_LIBRARY = "libc++";
				CLANG_ENABLE_MODULES = YES;
				CLANG_ENABLE_OBJC_ARC = YES;
				CLANG_WARN_BOOL_CONVERSION = YES;
				CLANG_WARN_CONSTANT_CONVERSION = YES;
				CLANG_WARN_DIRECT_OBJC_ISA_USAGE = YES_ERROR;
				CLANG_WARN_EMPTY_BODY = YES;
				CLANG_WARN_ENUM_CONVERSION = YES;
				CLANG_WARN_INT_CONVERSION = YES;
				CLANG_WARN_OBJC_ROOT_CLASS = YES_ERROR;
				CLANG_WARN_UNREACHABLE_CODE = YES;
				CLANG_WARN__DUPLICATE_METHOD_MATCH = YES;
				"CODE_SIGN_IDENTITY[sdk=iphoneos*]" = "iPhone Developer";
				COPY_PHASE_STRIP = NO;
				DEBUG_INFORMATION_FORMAT = "dwarf-with-dsym";
				ENABLE_NS_ASSERTIONS = NO;
				ENABLE_STRICT_OBJC_MSGSEND = YES;
				GCC_C_LANGUAGE_STANDARD = gnu99;
				GCC_NO_COMMON_BLOCKS = YES;
				GCC_WARN_64_TO_32_BIT_CONVERSION = YES;
				GCC_WARN_ABOUT_RETURN_TYPE = YES_ERROR;
				GCC_WARN_UNDECLARED_SELECTOR = YES;
				GCC_WARN_UNINITIALIZED_AUTOS = YES_AGGRESSIVE;
				GCC_WARN_UNUSED_FUNCTION = YES;
				GCC_WARN_UNUSED_VARIABLE = YES;
				IPHONEOS_DEPLOYMENT_TARGET = 8.3;
				MTL_ENABLE_DEBUG_INFO = NO;
				SDKROOT = iphoneos;
				VALIDATE_PRODUCT = YES;
			};
			name = Release;
		};
		142BE6131B23C8790059B1B2 /* Debug */ = {
			isa = XCBuildConfiguration;
			buildSettings = {
				ASSETCATALOG_COMPILER_APPICON_NAME = "AppIcon-2";
				FRAMEWORK_SEARCH_PATHS = (
					"$(inherited)",
					"$(PROJECT_DIR)",
				);
				INFOPLIST_FILE = PrayerList/Info.plist;
				LD_RUNPATH_SEARCH_PATHS = "$(inherited) @executable_path/Frameworks";
				PRODUCT_NAME = "$(TARGET_NAME)";
			};
			name = Debug;
		};
		142BE6141B23C8790059B1B2 /* Release */ = {
			isa = XCBuildConfiguration;
			buildSettings = {
				ASSETCATALOG_COMPILER_APPICON_NAME = "AppIcon-2";
				FRAMEWORK_SEARCH_PATHS = (
					"$(inherited)",
					"$(PROJECT_DIR)",
				);
				INFOPLIST_FILE = PrayerList/Info.plist;
				LD_RUNPATH_SEARCH_PATHS = "$(inherited) @executable_path/Frameworks";
				PRODUCT_NAME = "$(TARGET_NAME)";
			};
			name = Release;
		};
		142BE6161B23C8790059B1B2 /* Debug */ = {
			isa = XCBuildConfiguration;
			buildSettings = {
				BUNDLE_LOADER = "$(TEST_HOST)";
				FRAMEWORK_SEARCH_PATHS = (
					"$(SDKROOT)/Developer/Library/Frameworks",
					"$(inherited)",
					"$(PROJECT_DIR)",
				);
				GCC_PREPROCESSOR_DEFINITIONS = (
					"DEBUG=1",
					"$(inherited)",
				);
				INFOPLIST_FILE = PrayerListTests/Info.plist;
				LD_RUNPATH_SEARCH_PATHS = "$(inherited) @executable_path/Frameworks @loader_path/Frameworks";
				PRODUCT_NAME = "$(TARGET_NAME)";
				TEST_HOST = "$(BUILT_PRODUCTS_DIR)/PrayerList.app/PrayerList";
			};
			name = Debug;
		};
		142BE6171B23C8790059B1B2 /* Release */ = {
			isa = XCBuildConfiguration;
			buildSettings = {
				BUNDLE_LOADER = "$(TEST_HOST)";
				FRAMEWORK_SEARCH_PATHS = (
					"$(SDKROOT)/Developer/Library/Frameworks",
					"$(inherited)",
					"$(PROJECT_DIR)",
				);
				INFOPLIST_FILE = PrayerListTests/Info.plist;
				LD_RUNPATH_SEARCH_PATHS = "$(inherited) @executable_path/Frameworks @loader_path/Frameworks";
				PRODUCT_NAME = "$(TARGET_NAME)";
				TEST_HOST = "$(BUILT_PRODUCTS_DIR)/PrayerList.app/PrayerList";
			};
			name = Release;
		};
/* End XCBuildConfiguration section */

/* Begin XCConfigurationList section */
		142BE5EE1B23C8790059B1B2 /* Build configuration list for PBXProject "PrayerList" */ = {
			isa = XCConfigurationList;
			buildConfigurations = (
				142BE6101B23C8790059B1B2 /* Debug */,
				142BE6111B23C8790059B1B2 /* Release */,
			);
			defaultConfigurationIsVisible = 0;
			defaultConfigurationName = Release;
		};
		142BE6121B23C8790059B1B2 /* Build configuration list for PBXNativeTarget "PrayerList" */ = {
			isa = XCConfigurationList;
			buildConfigurations = (
				142BE6131B23C8790059B1B2 /* Debug */,
				142BE6141B23C8790059B1B2 /* Release */,
			);
			defaultConfigurationIsVisible = 0;
			defaultConfigurationName = Release;
		};
		142BE6151B23C8790059B1B2 /* Build configuration list for PBXNativeTarget "PrayerListTests" */ = {
			isa = XCConfigurationList;
			buildConfigurations = (
				142BE6161B23C8790059B1B2 /* Debug */,
				142BE6171B23C8790059B1B2 /* Release */,
			);
			defaultConfigurationIsVisible = 0;
			defaultConfigurationName = Release;
		};
/* End XCConfigurationList section */
	};
	rootObject = 142BE5EB1B23C8790059B1B2 /* Project object */;
}
